
Microsoft Visual Studio Solution File, Format Version 12.00
# Visual Studio Version 16
VisualStudioVersion = 16.0.30204.135
MinimumVisualStudioVersion = 10.0.40219.1
Project("{FAE04EC0-301F-11D3-BF4B-00C04F79EFBC}") = "KuraevGeometryClassLibrary", "KuraevGeometryClassLibrary\KuraevGeometryClassLibrary.csproj", "{5D730BBD-7B4C-40ED-BF1B-E93B903298AF}"
EndProject
Project("{FAE04EC0-301F-11D3-BF4B-00C04F79EFBC}") = "UnitTestGeometry", "UnitTestGeometry\UnitTestGeometry.csproj", "{4ACCC876-BAAB-4EFA-AADC-6B104F35A41A}"
EndProject
Global
	GlobalSection(SolutionConfigurationPlatforms) = preSolution
		Debug|Any CPU = Debug|Any CPU
		Release|Any CPU = Release|Any CPU
	EndGlobalSection
	GlobalSection(ProjectConfigurationPlatforms) = postSolution
		{5D730BBD-7B4C-40ED-BF1B-E93B903298AF}.Debug|Any CPU.ActiveCfg = Debug|Any CPU
		{5D730BBD-7B4C-40ED-BF1B-E93B903298AF}.Debug|Any CPU.Build.0 = Debug|Any CPU
		{5D730BBD-7B4C-40ED-BF1B-E93B903298AF}.Release|Any CPU.ActiveCfg = Release|Any CPU
		{5D730BBD-7B4C-40ED-BF1B-E93B903298AF}.Release|Any CPU.Build.0 = Release|Any CPU
		{4ACCC876-BAAB-4EFA-AADC-6B104F35A41A}.Debug|Any CPU.ActiveCfg = Debug|Any CPU
		{4ACCC876-BAAB-4EFA-AADC-6B104F35A41A}.Debug|Any CPU.Build.0 = Debug|Any CPU
		{4ACCC876-BAAB-4EFA-AADC-6B104F35A41A}.Release|Any CPU.ActiveCfg = Release|Any CPU
		{4ACCC876-BAAB-4EFA-AADC-6B104F35A41A}.Release|Any CPU.Build.0 = Release|Any CPU
	EndGlobalSection
	GlobalSection(SolutionProperties) = preSolution
		HideSolutionNode = FALSE
	EndGlobalSection
	GlobalSection(ExtensibilityGlobals) = postSolution
		SolutionGuid = {4D6C004A-D150-4106-8DB8-4ED25C78F46F}
	EndGlobalSection
EndGlobal
